
Microsoft Visual Studio Solution File, Format Version 12.00
# Visual Studio Version 16
VisualStudioVersion = 16.0.30717.126
MinimumVisualStudioVersion = 10.0.40219.1
Project("{FAE04EC0-301F-11D3-BF4B-00C04F79EFBC}") = "ConnectDB", "ConnectDB\ConnectDB.csproj", "{0181C47E-50F6-4E99-B27D-4BC7961B67C4}"
EndProject
Global
	GlobalSection(SolutionConfigurationPlatforms) = preSolution
		Debug|Any CPU = Debug|Any CPU
		Release|Any CPU = Release|Any CPU
	EndGlobalSection
	GlobalSection(ProjectConfigurationPlatforms) = postSolution
		{0181C47E-50F6-4E99-B27D-4BC7961B67C4}.Debug|Any CPU.ActiveCfg = Debug|Any CPU
		{0181C47E-50F6-4E99-B27D-4BC7961B67C4}.Debug|Any CPU.Build.0 = Debug|Any CPU
		{0181C47E-50F6-4E99-B27D-4BC7961B67C4}.Release|Any CPU.ActiveCfg = Release|Any CPU
		{0181C47E-50F6-4E99-B27D-4BC7961B67C4}.Release|Any CPU.Build.0 = Release|Any CPU
	EndGlobalSection
	GlobalSection(SolutionProperties) = preSolution
		HideSolutionNode = FALSE
	EndGlobalSection
	GlobalSection(ExtensibilityGlobals) = postSolution
		SolutionGuid = {956BF603-E38D-4076-B145-6E2000EB3000}
	EndGlobalSection
EndGlobal
